
Microsoft Visual Studio Solution File, Format Version 12.00
# Visual Studio Version 17
VisualStudioVersion = 17.5.33530.505
MinimumVisualStudioVersion = 10.0.40219.1
Project("{2150E333-8FDC-42A3-9474-1A3956D46DE8}") = "User", "User", "{564CC215-2CD0-499C-B7F7-E1CBDD540266}"
EndProject
Project("{2150E333-8FDC-42A3-9474-1A3956D46DE8}") = "Message", "Message", "{3AFB8C87-A96C-46C9-9810-72259FF64C2A}"
EndProject
Project("{9A19103F-16F7-4668-BE54-9A1E7A4F7556}") = "User.API", "User.API\User.API.csproj", "{87D3DB08-10B9-407F-9D33-AC81A56F6D5E}"
EndProject
Project("{E53339B2-1760-4266-BCC7-CA923CBCF16C}") = "docker-compose", "docker-compose.dcproj", "{142A4E9C-5307-422C-865E-1024CB9E7850}"
EndProject
Project("{9A19103F-16F7-4668-BE54-9A1E7A4F7556}") = "Message.API", "Message.API\Message.API.csproj", "{EC513013-CD8D-4D62-959F-EF2642E5D23F}"
EndProject
Project("{2150E333-8FDC-42A3-9474-1A3956D46DE8}") = "WebSocket", "WebSocket", "{E0352209-87C4-40ED-A3BF-2074CD36A2BE}"
EndProject
Project("{9A19103F-16F7-4668-BE54-9A1E7A4F7556}") = "WebSocket.API", "WebSocket.API\WebSocket.API.csproj", "{AB8C5791-8EA6-44A3-AA23-70D61E8B4179}"
EndProject
Project("{2150E333-8FDC-42A3-9474-1A3956D46DE8}") = "MiniApp", "MiniApp", "{4E626739-0F49-48A2-A040-2D2BB56416CE}"
EndProject
Project("{9A19103F-16F7-4668-BE54-9A1E7A4F7556}") = "MiniApp.API", "MiniApp.API\MiniApp.API.csproj", "{88832506-1C71-4A0D-91B4-6D83F5980676}"
EndProject
Project("{2150E333-8FDC-42A3-9474-1A3956D46DE8}") = "HostedService", "HostedService", "{8F7259F9-2D4B-463D-9FE5-0C2986019929}"
EndProject
Project("{2150E333-8FDC-42A3-9474-1A3956D46DE8}") = "Feed", "Feed", "{5A352263-BF12-4FD8-83A4-3999AF51186E}"
EndProject
Project("{2150E333-8FDC-42A3-9474-1A3956D46DE8}") = "Version", "Version", "{D535DDC1-3631-4FAE-9F4D-209B0ADE1C35}"
EndProject
Project("{9A19103F-16F7-4668-BE54-9A1E7A4F7556}") = "HostedService", "HostedService\HostedService.csproj", "{F5415CF8-4F62-4D00-9A9F-2D32A046F12F}"
EndProject
Project("{FAE04EC0-301F-11D3-BF4B-00C04F79EFBC}") = "Feed.API", "Feed.API\Feed.API.csproj", "{3E5CF630-B961-47BD-9EE3-ED9ABD6A9FF8}"
EndProject
Project("{FAE04EC0-301F-11D3-BF4B-00C04F79EFBC}") = "Version.API", "Version.API\Version.API.csproj", "{BAF55BAA-CE0D-4F9A-9A02-F12207F3A089}"
EndProject
Global
	GlobalSection(SolutionConfigurationPlatforms) = preSolution
		Debug|Any CPU = Debug|Any CPU
		Release|Any CPU = Release|Any CPU
	EndGlobalSection
	GlobalSection(ProjectConfigurationPlatforms) = postSolution
		{87D3DB08-10B9-407F-9D33-AC81A56F6D5E}.Debug|Any CPU.ActiveCfg = Debug|Any CPU
		{87D3DB08-10B9-407F-9D33-AC81A56F6D5E}.Debug|Any CPU.Build.0 = Debug|Any CPU
		{87D3DB08-10B9-407F-9D33-AC81A56F6D5E}.Release|Any CPU.ActiveCfg = Release|Any CPU
		{87D3DB08-10B9-407F-9D33-AC81A56F6D5E}.Release|Any CPU.Build.0 = Release|Any CPU
		{142A4E9C-5307-422C-865E-1024CB9E7850}.Debug|Any CPU.ActiveCfg = Debug|Any CPU
		{142A4E9C-5307-422C-865E-1024CB9E7850}.Debug|Any CPU.Build.0 = Debug|Any CPU
		{142A4E9C-5307-422C-865E-1024CB9E7850}.Release|Any CPU.ActiveCfg = Release|Any CPU
		{142A4E9C-5307-422C-865E-1024CB9E7850}.Release|Any CPU.Build.0 = Release|Any CPU
		{EC513013-CD8D-4D62-959F-EF2642E5D23F}.Debug|Any CPU.ActiveCfg = Debug|Any CPU
		{EC513013-CD8D-4D62-959F-EF2642E5D23F}.Debug|Any CPU.Build.0 = Debug|Any CPU
		{EC513013-CD8D-4D62-959F-EF2642E5D23F}.Release|Any CPU.ActiveCfg = Release|Any CPU
		{EC513013-CD8D-4D62-959F-EF2642E5D23F}.Release|Any CPU.Build.0 = Release|Any CPU
		{AB8C5791-8EA6-44A3-AA23-70D61E8B4179}.Debug|Any CPU.ActiveCfg = Debug|Any CPU
		{AB8C5791-8EA6-44A3-AA23-70D61E8B4179}.Debug|Any CPU.Build.0 = Debug|Any CPU
		{AB8C5791-8EA6-44A3-AA23-70D61E8B4179}.Release|Any CPU.ActiveCfg = Release|Any CPU
		{AB8C5791-8EA6-44A3-AA23-70D61E8B4179}.Release|Any CPU.Build.0 = Release|Any CPU
		{88832506-1C71-4A0D-91B4-6D83F5980676}.Debug|Any CPU.ActiveCfg = Debug|Any CPU
		{88832506-1C71-4A0D-91B4-6D83F5980676}.Debug|Any CPU.Build.0 = Debug|Any CPU
		{88832506-1C71-4A0D-91B4-6D83F5980676}.Release|Any CPU.ActiveCfg = Release|Any CPU
		{88832506-1C71-4A0D-91B4-6D83F5980676}.Release|Any CPU.Build.0 = Release|Any CPU
		{F5415CF8-4F62-4D00-9A9F-2D32A046F12F}.Debug|Any CPU.ActiveCfg = Debug|Any CPU
		{F5415CF8-4F62-4D00-9A9F-2D32A046F12F}.Debug|Any CPU.Build.0 = Debug|Any CPU
		{F5415CF8-4F62-4D00-9A9F-2D32A046F12F}.Release|Any CPU.ActiveCfg = Release|Any CPU
		{F5415CF8-4F62-4D00-9A9F-2D32A046F12F}.Release|Any CPU.Build.0 = Release|Any CPU
		{3E5CF630-B961-47BD-9EE3-ED9ABD6A9FF8}.Debug|Any CPU.ActiveCfg = Debug|Any CPU
		{3E5CF630-B961-47BD-9EE3-ED9ABD6A9FF8}.Debug|Any CPU.Build.0 = Debug|Any CPU
		{3E5CF630-B961-47BD-9EE3-ED9ABD6A9FF8}.Release|Any CPU.ActiveCfg = Release|Any CPU
		{3E5CF630-B961-47BD-9EE3-ED9ABD6A9FF8}.Release|Any CPU.Build.0 = Release|Any CPU
		{BAF55BAA-CE0D-4F9A-9A02-F12207F3A089}.Debug|Any CPU.ActiveCfg = Debug|Any CPU
		{BAF55BAA-CE0D-4F9A-9A02-F12207F3A089}.Debug|Any CPU.Build.0 = Debug|Any CPU
		{BAF55BAA-CE0D-4F9A-9A02-F12207F3A089}.Release|Any CPU.ActiveCfg = Release|Any CPU
		{BAF55BAA-CE0D-4F9A-9A02-F12207F3A089}.Release|Any CPU.Build.0 = Release|Any CPU
	EndGlobalSection
	GlobalSection(SolutionProperties) = preSolution
		HideSolutionNode = FALSE
	EndGlobalSection
	GlobalSection(NestedProjects) = preSolution
		{87D3DB08-10B9-407F-9D33-AC81A56F6D5E} = {564CC215-2CD0-499C-B7F7-E1CBDD540266}
		{EC513013-CD8D-4D62-959F-EF2642E5D23F} = {3AFB8C87-A96C-46C9-9810-72259FF64C2A}
		{AB8C5791-8EA6-44A3-AA23-70D61E8B4179} = {E0352209-87C4-40ED-A3BF-2074CD36A2BE}
		{88832506-1C71-4A0D-91B4-6D83F5980676} = {4E626739-0F49-48A2-A040-2D2BB56416CE}
		{F5415CF8-4F62-4D00-9A9F-2D32A046F12F} = {8F7259F9-2D4B-463D-9FE5-0C2986019929}
		{3E5CF630-B961-47BD-9EE3-ED9ABD6A9FF8} = {5A352263-BF12-4FD8-83A4-3999AF51186E}
		{BAF55BAA-CE0D-4F9A-9A02-F12207F3A089} = {D535DDC1-3631-4FAE-9F4D-209B0ADE1C35}
	EndGlobalSection
	GlobalSection(ExtensibilityGlobals) = postSolution
		SolutionGuid = {4970C83D-5A0D-4C71-9B51-90000D4C0E8A}
	EndGlobalSection
EndGlobal
